
Microsoft Visual Studio Solution File, Format Version 12.00
# Visual Studio for Mac
Project("{FAE04EC0-301F-11D3-BF4B-00C04F79EFBC}") = "Assembly-CSharp", "Assembly-CSharp.csproj", "{61533601-119B-94D7-97D1-2CADA6EFB175}"
EndProject
Project("{FAE04EC0-301F-11D3-BF4B-00C04F79EFBC}") = "Assembly-CSharp-Editor", "Assembly-CSharp-Editor.csproj", "{308C64A3-4A63-3CEA-62A8-7729E2327C28}"
EndProject
Global
	GlobalSection(SolutionConfigurationPlatforms) = preSolution
		Debug|Any CPU = Debug|Any CPU
		Release|Any CPU = Release|Any CPU
	EndGlobalSection
	GlobalSection(ProjectConfigurationPlatforms) = postSolution
		{61533601-119B-94D7-97D1-2CADA6EFB175}.Debug|Any CPU.ActiveCfg = Debug|Any CPU
		{61533601-119B-94D7-97D1-2CADA6EFB175}.Debug|Any CPU.Build.0 = Debug|Any CPU
		{61533601-119B-94D7-97D1-2CADA6EFB175}.Release|Any CPU.ActiveCfg = Release|Any CPU
		{61533601-119B-94D7-97D1-2CADA6EFB175}.Release|Any CPU.Build.0 = Release|Any CPU
		{308C64A3-4A63-3CEA-62A8-7729E2327C28}.Debug|Any CPU.ActiveCfg = Debug|Any CPU
		{308C64A3-4A63-3CEA-62A8-7729E2327C28}.Debug|Any CPU.Build.0 = Debug|Any CPU
		{308C64A3-4A63-3CEA-62A8-7729E2327C28}.Release|Any CPU.ActiveCfg = Release|Any CPU
		{308C64A3-4A63-3CEA-62A8-7729E2327C28}.Release|Any CPU.Build.0 = Release|Any CPU
	EndGlobalSection
	GlobalSection(SolutionProperties) = preSolution
		HideSolutionNode = FALSE
	EndGlobalSection
EndGlobal
